// !$*UTF8*$!
{
	archiveVersion = 1;
	classes = {
	};
	objectVersion = 46;
	objects = {

/* Begin PBXBuildFile section */
		60DC0CDD18C2B86C0093B383 /* Foundation.framework in Frameworks */ = {isa = PBXBuildFile; fileRef = 60DC0CDC18C2B86C0093B383 /* Foundation.framework */; };
		60DC0CDF18C2B86C0093B383 /* CoreGraphics.framework in Frameworks */ = {isa = PBXBuildFile; fileRef = 60DC0CDE18C2B86C0093B383 /* CoreGraphics.framework */; };
		60DC0CE118C2B86C0093B383 /* UIKit.framework in Frameworks */ = {isa = PBXBuildFile; fileRef = 60DC0CE018C2B86C0093B383 /* UIKit.framework */; };
		60DC0CE718C2B86C0093B383 /* InfoPlist.strings in Resources */ = {isa = PBXBuildFile; fileRef = 60DC0CE518C2B86C0093B383 /* InfoPlist.strings */; };
		60DC0CE918C2B86C0093B383 /* main.m in Sources */ = {isa = PBXBuildFile; fileRef = 60DC0CE818C2B86C0093B383 /* main.m */; };
		60DC0CED18C2B86C0093B383 /* AppDelegate.m in Sources */ = {isa = PBXBuildFile; fileRef = 60DC0CEC18C2B86C0093B383 /* AppDelegate.m */; };
		60DC0CEF18C2B86C0093B383 /* Images.xcassets in Resources */ = {isa = PBXBuildFile; fileRef = 60DC0CEE18C2B86C0093B383 /* Images.xcassets */; };
		60DC0CF618C2B86D0093B383 /* XCTest.framework in Frameworks */ = {isa = PBXBuildFile; fileRef = 60DC0CF518C2B86D0093B383 /* XCTest.framework */; };
		60DC0CF718C2B86D0093B383 /* Foundation.framework in Frameworks */ = {isa = PBXBuildFile; fileRef = 60DC0CDC18C2B86C0093B383 /* Foundation.framework */; };
		60DC0CF818C2B86D0093B383 /* UIKit.framework in Frameworks */ = {isa = PBXBuildFile; fileRef = 60DC0CE018C2B86C0093B383 /* UIKit.framework */; };
		60DC0D0018C2B86D0093B383 /* InfoPlist.strings in Resources */ = {isa = PBXBuildFile; fileRef = 60DC0CFE18C2B86D0093B383 /* InfoPlist.strings */; };
		60DC0D0218C2B86D0093B383 /* SRCT_ProjectBaseTests.m in Sources */ = {isa = PBXBuildFile; fileRef = 60DC0D0118C2B86D0093B383 /* SRCT_ProjectBaseTests.m */; };
		60DC0D0F18C2BB130093B383 /* projectLinkButton.m in Sources */ = {isa = PBXBuildFile; fileRef = 60DC0D0E18C2BB130093B383 /* projectLinkButton.m */; };
		60DC0D1018C2BB130093B383 /* projectLinkButton.m in Sources */ = {isa = PBXBuildFile; fileRef = 60DC0D0E18C2BB130093B383 /* projectLinkButton.m */; };
		60DC0D1318C2BC620093B383 /* srct_sticker.png in Resources */ = {isa = PBXBuildFile; fileRef = 60DC0D1218C2BC620093B383 /* srct_sticker.png */; };
		60DC0D1418C2BC620093B383 /* srct_sticker.png in Resources */ = {isa = PBXBuildFile; fileRef = 60DC0D1218C2BC620093B383 /* srct_sticker.png */; };
		60DC0D1718C2BD310093B383 /* mainControllerViewController.m in Sources */ = {isa = PBXBuildFile; fileRef = 60DC0D1618C2BD310093B383 /* mainControllerViewController.m */; };
		60DC0D1818C2BD310093B383 /* mainControllerViewController.m in Sources */ = {isa = PBXBuildFile; fileRef = 60DC0D1618C2BD310093B383 /* mainControllerViewController.m */; };
		60DC0D2618C2C2D30093B383 /* smallerProjects.m in Sources */ = {isa = PBXBuildFile; fileRef = 60DC0D2518C2C2D30093B383 /* smallerProjects.m */; };
		60DC0D2718C2C2D30093B383 /* smallerProjects.m in Sources */ = {isa = PBXBuildFile; fileRef = 60DC0D2518C2C2D30093B383 /* smallerProjects.m */; };
/* End PBXBuildFile section */

/* Begin PBXContainerItemProxy section */
		60DC0CF918C2B86D0093B383 /* PBXContainerItemProxy */ = {
			isa = PBXContainerItemProxy;
			containerPortal = 60DC0CD118C2B86C0093B383 /* Project object */;
			proxyType = 1;
			remoteGlobalIDString = 60DC0CD818C2B86C0093B383;
			remoteInfo = "SRCT-ProjectBase";
		};
/* End PBXContainerItemProxy section */

/* Begin PBXFileReference section */
		60DC0CD918C2B86C0093B383 /* SRCT-ProjectBase.app */ = {isa = PBXFileReference; explicitFileType = wrapper.application; includeInIndex = 0; path = "SRCT-ProjectBase.app"; sourceTree = BUILT_PRODUCTS_DIR; };
		60DC0CDC18C2B86C0093B383 /* Foundation.framework */ = {isa = PBXFileReference; lastKnownFileType = wrapper.framework; name = Foundation.framework; path = System/Library/Frameworks/Foundation.framework; sourceTree = SDKROOT; };
		60DC0CDE18C2B86C0093B383 /* CoreGraphics.framework */ = {isa = PBXFileReference; lastKnownFileType = wrapper.framework; name = CoreGraphics.framework; path = System/Library/Frameworks/CoreGraphics.framework; sourceTree = SDKROOT; };
		60DC0CE018C2B86C0093B383 /* UIKit.framework */ = {isa = PBXFileReference; lastKnownFileType = wrapper.framework; name = UIKit.framework; path = System/Library/Frameworks/UIKit.framework; sourceTree = SDKROOT; };
		60DC0CE418C2B86C0093B383 /* SRCT-ProjectBase-Info.plist */ = {isa = PBXFileReference; lastKnownFileType = text.plist.xml; path = "SRCT-ProjectBase-Info.plist"; sourceTree = "<group>"; };
		60DC0CE618C2B86C0093B383 /* en */ = {isa = PBXFileReference; lastKnownFileType = text.plist.strings; name = en; path = en.lproj/InfoPlist.strings; sourceTree = "<group>"; };
		60DC0CE818C2B86C0093B383 /* main.m */ = {isa = PBXFileReference; lastKnownFileType = sourcecode.c.objc; path = main.m; sourceTree = "<group>"; };
		60DC0CEA18C2B86C0093B383 /* SRCT-ProjectBase-Prefix.pch */ = {isa = PBXFileReference; lastKnownFileType = sourcecode.c.h; path = "SRCT-ProjectBase-Prefix.pch"; sourceTree = "<group>"; };
		60DC0CEB18C2B86C0093B383 /* AppDelegate.h */ = {isa = PBXFileReference; lastKnownFileType = sourcecode.c.h; path = AppDelegate.h; sourceTree = "<group>"; };
		60DC0CEC18C2B86C0093B383 /* AppDelegate.m */ = {isa = PBXFileReference; lastKnownFileType = sourcecode.c.objc; path = AppDelegate.m; sourceTree = "<group>"; };
		60DC0CEE18C2B86C0093B383 /* Images.xcassets */ = {isa = PBXFileReference; lastKnownFileType = folder.assetcatalog; path = Images.xcassets; sourceTree = "<group>"; };
		60DC0CF418C2B86D0093B383 /* SRCT-ProjectBaseTests.xctest */ = {isa = PBXFileReference; explicitFileType = wrapper.cfbundle; includeInIndex = 0; path = "SRCT-ProjectBaseTests.xctest"; sourceTree = BUILT_PRODUCTS_DIR; };
		60DC0CF518C2B86D0093B383 /* XCTest.framework */ = {isa = PBXFileReference; lastKnownFileType = wrapper.framework; name = XCTest.framework; path = Library/Frameworks/XCTest.framework; sourceTree = DEVELOPER_DIR; };
		60DC0CFD18C2B86D0093B383 /* SRCT-ProjectBaseTests-Info.plist */ = {isa = PBXFileReference; lastKnownFileType = text.plist.xml; path = "SRCT-ProjectBaseTests-Info.plist"; sourceTree = "<group>"; };
		60DC0CFF18C2B86D0093B383 /* en */ = {isa = PBXFileReference; lastKnownFileType = text.plist.strings; name = en; path = en.lproj/InfoPlist.strings; sourceTree = "<group>"; };
		60DC0D0118C2B86D0093B383 /* SRCT_ProjectBaseTests.m */ = {isa = PBXFileReference; lastKnownFileType = sourcecode.c.objc; path = SRCT_ProjectBaseTests.m; sourceTree = "<group>"; };
		60DC0D0D18C2BB130093B383 /* projectLinkButton.h */ = {isa = PBXFileReference; fileEncoding = 4; lastKnownFileType = sourcecode.c.h; name = projectLinkButton.h; path = Views/projectLinkButton.h; sourceTree = "<group>"; };
		60DC0D0E18C2BB130093B383 /* projectLinkButton.m */ = {isa = PBXFileReference; fileEncoding = 4; lastKnownFileType = sourcecode.c.objc; name = projectLinkButton.m; path = Views/projectLinkButton.m; sourceTree = "<group>"; };
		60DC0D1218C2BC620093B383 /* srct_sticker.png */ = {isa = PBXFileReference; lastKnownFileType = image.png; path = srct_sticker.png; sourceTree = "<group>"; };
		60DC0D1518C2BD310093B383 /* mainControllerViewController.h */ = {isa = PBXFileReference; fileEncoding = 4; lastKnownFileType = sourcecode.c.h; name = mainControllerViewController.h; path = Controllers/mainControllerViewController.h; sourceTree = "<group>"; };
		60DC0D1618C2BD310093B383 /* mainControllerViewController.m */ = {isa = PBXFileReference; fileEncoding = 4; lastKnownFileType = sourcecode.c.objc; name = mainControllerViewController.m; path = Controllers/mainControllerViewController.m; sourceTree = "<group>"; };
		60DC0D2418C2C2D30093B383 /* smallerProjects.h */ = {isa = PBXFileReference; fileEncoding = 4; lastKnownFileType = sourcecode.c.h; name = smallerProjects.h; path = Controllers/smallerProjects.h; sourceTree = "<group>"; };
		60DC0D2518C2C2D30093B383 /* smallerProjects.m */ = {isa = PBXFileReference; fileEncoding = 4; lastKnownFileType = sourcecode.c.objc; name = smallerProjects.m; path = Controllers/smallerProjects.m; sourceTree = "<group>"; };
/* End PBXFileReference section */

/* Begin PBXFrameworksBuildPhase section */
		60DC0CD618C2B86C0093B383 /* Frameworks */ = {
			isa = PBXFrameworksBuildPhase;
			buildActionMask = 2147483647;
			files = (
				60DC0CDF18C2B86C0093B383 /* CoreGraphics.framework in Frameworks */,
				60DC0CE118C2B86C0093B383 /* UIKit.framework in Frameworks */,
				60DC0CDD18C2B86C0093B383 /* Foundation.framework in Frameworks */,
			);
			runOnlyForDeploymentPostprocessing = 0;
		};
		60DC0CF118C2B86D0093B383 /* Frameworks */ = {
			isa = PBXFrameworksBuildPhase;
			buildActionMask = 2147483647;
			files = (
				60DC0CF618C2B86D0093B383 /* XCTest.framework in Frameworks */,
				60DC0CF818C2B86D0093B383 /* UIKit.framework in Frameworks */,
				60DC0CF718C2B86D0093B383 /* Foundation.framework in Frameworks */,
			);
			runOnlyForDeploymentPostprocessing = 0;
		};
/* End PBXFrameworksBuildPhase section */

/* Begin PBXGroup section */
		60DC0CD018C2B86C0093B383 = {
			isa = PBXGroup;
			children = (
				60DC0CE218C2B86C0093B383 /* SRCT-ProjectBase */,
				60DC0CFB18C2B86D0093B383 /* SRCT-ProjectBaseTests */,
				60DC0CDB18C2B86C0093B383 /* Frameworks */,
				60DC0CDA18C2B86C0093B383 /* Products */,
			);
			sourceTree = "<group>";
		};
		60DC0CDA18C2B86C0093B383 /* Products */ = {
			isa = PBXGroup;
			children = (
				60DC0CD918C2B86C0093B383 /* SRCT-ProjectBase.app */,
				60DC0CF418C2B86D0093B383 /* SRCT-ProjectBaseTests.xctest */,
			);
			name = Products;
			sourceTree = "<group>";
		};
		60DC0CDB18C2B86C0093B383 /* Frameworks */ = {
			isa = PBXGroup;
			children = (
				60DC0CDC18C2B86C0093B383 /* Foundation.framework */,
				60DC0CDE18C2B86C0093B383 /* CoreGraphics.framework */,
				60DC0CE018C2B86C0093B383 /* UIKit.framework */,
				60DC0CF518C2B86D0093B383 /* XCTest.framework */,
			);
			name = Frameworks;
			sourceTree = "<group>";
		};
		60DC0CE218C2B86C0093B383 /* SRCT-ProjectBase */ = {
			isa = PBXGroup;
			children = (
				60DC0D0C18C2BAA80093B383 /* Views */,
				60DC0D0B18C2BAA10093B383 /* Controllers */,
				60DC0CEB18C2B86C0093B383 /* AppDelegate.h */,
				60DC0CEC18C2B86C0093B383 /* AppDelegate.m */,
				60DC0CEE18C2B86C0093B383 /* Images.xcassets */,
				60DC0CE318C2B86C0093B383 /* Supporting Files */,
			);
			path = "SRCT-ProjectBase";
			sourceTree = "<group>";
		};
		60DC0CE318C2B86C0093B383 /* Supporting Files */ = {
			isa = PBXGroup;
			children = (
				60DC0CE418C2B86C0093B383 /* SRCT-ProjectBase-Info.plist */,
				60DC0CE518C2B86C0093B383 /* InfoPlist.strings */,
				60DC0CE818C2B86C0093B383 /* main.m */,
				60DC0CEA18C2B86C0093B383 /* SRCT-ProjectBase-Prefix.pch */,
			);
			name = "Supporting Files";
			sourceTree = "<group>";
		};
		60DC0CFB18C2B86D0093B383 /* SRCT-ProjectBaseTests */ = {
			isa = PBXGroup;
			children = (
				60DC0D0118C2B86D0093B383 /* SRCT_ProjectBaseTests.m */,
				60DC0CFC18C2B86D0093B383 /* Supporting Files */,
			);
			path = "SRCT-ProjectBaseTests";
			sourceTree = "<group>";
		};
		60DC0CFC18C2B86D0093B383 /* Supporting Files */ = {
			isa = PBXGroup;
			children = (
				60DC0CFD18C2B86D0093B383 /* SRCT-ProjectBaseTests-Info.plist */,
				60DC0CFE18C2B86D0093B383 /* InfoPlist.strings */,
			);
			name = "Supporting Files";
			sourceTree = "<group>";
		};
		60DC0D0B18C2BAA10093B383 /* Controllers */ = {
			isa = PBXGroup;
			children = (
				60DC0D1518C2BD310093B383 /* mainControllerViewController.h */,
				60DC0D1618C2BD310093B383 /* mainControllerViewController.m */,
				60DC0D2418C2C2D30093B383 /* smallerProjects.h */,
				60DC0D2518C2C2D30093B383 /* smallerProjects.m */,
			);
			name = Controllers;
			sourceTree = "<group>";
		};
		60DC0D0C18C2BAA80093B383 /* Views */ = {
			isa = PBXGroup;
			children = (
				60DC0D1118C2BC1B0093B383 /* Images */,
				60DC0D0D18C2BB130093B383 /* projectLinkButton.h */,
				60DC0D0E18C2BB130093B383 /* projectLinkButton.m */,
			);
			name = Views;
			sourceTree = "<group>";
		};
		60DC0D1118C2BC1B0093B383 /* Images */ = {
			isa = PBXGroup;
			children = (
				60DC0D1218C2BC620093B383 /* srct_sticker.png */,
			);
			name = Images;
			sourceTree = "<group>";
		};
/* End PBXGroup section */

/* Begin PBXNativeTarget section */
		60DC0CD818C2B86C0093B383 /* SRCT-ProjectBase */ = {
			isa = PBXNativeTarget;
			buildConfigurationList = 60DC0D0518C2B86D0093B383 /* Build configuration list for PBXNativeTarget "SRCT-ProjectBase" */;
			buildPhases = (
				60DC0CD518C2B86C0093B383 /* Sources */,
				60DC0CD618C2B86C0093B383 /* Frameworks */,
				60DC0CD718C2B86C0093B383 /* Resources */,
			);
			buildRules = (
			);
			dependencies = (
			);
			name = "SRCT-ProjectBase";
			productName = "SRCT-ProjectBase";
			productReference = 60DC0CD918C2B86C0093B383 /* SRCT-ProjectBase.app */;
			productType = "com.apple.product-type.application";
		};
		60DC0CF318C2B86D0093B383 /* SRCT-ProjectBaseTests */ = {
			isa = PBXNativeTarget;
			buildConfigurationList = 60DC0D0818C2B86D0093B383 /* Build configuration list for PBXNativeTarget "SRCT-ProjectBaseTests" */;
			buildPhases = (
				60DC0CF018C2B86D0093B383 /* Sources */,
				60DC0CF118C2B86D0093B383 /* Frameworks */,
				60DC0CF218C2B86D0093B383 /* Resources */,
			);
			buildRules = (
			);
			dependencies = (
				60DC0CFA18C2B86D0093B383 /* PBXTargetDependency */,
			);
			name = "SRCT-ProjectBaseTests";
			productName = "SRCT-ProjectBaseTests";
			productReference = 60DC0CF418C2B86D0093B383 /* SRCT-ProjectBaseTests.xctest */;
			productType = "com.apple.product-type.bundle.unit-test";
		};
/* End PBXNativeTarget section */

/* Begin PBXProject section */
		60DC0CD118C2B86C0093B383 /* Project object */ = {
			isa = PBXProject;
			attributes = {
				LastUpgradeCheck = 0500;
				ORGANIZATIONNAME = "Abdullah Abdurrah";
				TargetAttributes = {
					60DC0CF318C2B86D0093B383 = {
						TestTargetID = 60DC0CD818C2B86C0093B383;
					};
				};
			};
			buildConfigurationList = 60DC0CD418C2B86C0093B383 /* Build configuration list for PBXProject "SRCT-ProjectBase" */;
			compatibilityVersion = "Xcode 3.2";
			developmentRegion = English;
			hasScannedForEncodings = 0;
			knownRegions = (
				en,
			);
			mainGroup = 60DC0CD018C2B86C0093B383;
			productRefGroup = 60DC0CDA18C2B86C0093B383 /* Products */;
			projectDirPath = "";
			projectRoot = "";
			targets = (
				60DC0CD818C2B86C0093B383 /* SRCT-ProjectBase */,
				60DC0CF318C2B86D0093B383 /* SRCT-ProjectBaseTests */,
			);
		};
/* End PBXProject section */

/* Begin PBXResourcesBuildPhase section */
		60DC0CD718C2B86C0093B383 /* Resources */ = {
			isa = PBXResourcesBuildPhase;
			buildActionMask = 2147483647;
			files = (
				60DC0CE718C2B86C0093B383 /* InfoPlist.strings in Resources */,
				60DC0D1318C2BC620093B383 /* srct_sticker.png in Resources */,
				60DC0CEF18C2B86C0093B383 /* Images.xcassets in Resources */,
			);
			runOnlyForDeploymentPostprocessing = 0;
		};
		60DC0CF218C2B86D0093B383 /* Resources */ = {
			isa = PBXResourcesBuildPhase;
			buildActionMask = 2147483647;
			files = (
				60DC0D0018C2B86D0093B383 /* InfoPlist.strings in Resources */,
				60DC0D1418C2BC620093B383 /* srct_sticker.png in Resources */,
			);
			runOnlyForDeploymentPostprocessing = 0;
		};
/* End PBXResourcesBuildPhase section */

/* Begin PBXSourcesBuildPhase section */
		60DC0CD518C2B86C0093B383 /* Sources */ = {
			isa = PBXSourcesBuildPhase;
			buildActionMask = 2147483647;
			files = (
				60DC0D2618C2C2D30093B383 /* smallerProjects.m in Sources */,
				60DC0D0F18C2BB130093B383 /* projectLinkButton.m in Sources */,
				60DC0D1718C2BD310093B383 /* mainControllerViewController.m in Sources */,
				60DC0CED18C2B86C0093B383 /* AppDelegate.m in Sources */,
				60DC0CE918C2B86C0093B383 /* main.m in Sources */,
			);
			runOnlyForDeploymentPostprocessing = 0;
		};
		60DC0CF018C2B86D0093B383 /* Sources */ = {
			isa = PBXSourcesBuildPhase;
			buildActionMask = 2147483647;
			files = (
				60DC0D0218C2B86D0093B383 /* SRCT_ProjectBaseTests.m in Sources */,
				60DC0D1818C2BD310093B383 /* mainControllerViewController.m in Sources */,
				60DC0D2718C2C2D30093B383 /* smallerProjects.m in Sources */,
				60DC0D1018C2BB130093B383 /* projectLinkButton.m in Sources */,
			);
			runOnlyForDeploymentPostprocessing = 0;
		};
/* End PBXSourcesBuildPhase section */

/* Begin PBXTargetDependency section */
		60DC0CFA18C2B86D0093B383 /* PBXTargetDependency */ = {
			isa = PBXTargetDependency;
			target = 60DC0CD818C2B86C0093B383 /* SRCT-ProjectBase */;
			targetProxy = 60DC0CF918C2B86D0093B383 /* PBXContainerItemProxy */;
		};
/* End PBXTargetDependency section */

/* Begin PBXVariantGroup section */
		60DC0CE518C2B86C0093B383 /* InfoPlist.strings */ = {
			isa = PBXVariantGroup;
			children = (
				60DC0CE618C2B86C0093B383 /* en */,
			);
			name = InfoPlist.strings;
			sourceTree = "<group>";
		};
		60DC0CFE18C2B86D0093B383 /* InfoPlist.strings */ = {
			isa = PBXVariantGroup;
			children = (
				60DC0CFF18C2B86D0093B383 /* en */,
			);
			name = InfoPlist.strings;
			sourceTree = "<group>";
		};
/* End PBXVariantGroup section */

/* Begin XCBuildConfiguration section */
		60DC0D0318C2B86D0093B383 /* Debug */ = {
			isa = XCBuildConfiguration;
			buildSettings = {
				ALWAYS_SEARCH_USER_PATHS = NO;
				ARCHS = "$(ARCHS_STANDARD_INCLUDING_64_BIT)";
				CLANG_CXX_LANGUAGE_STANDARD = "gnu++0x";
				CLANG_CXX_LIBRARY = "libc++";
				CLANG_ENABLE_MODULES = YES;
				CLANG_ENABLE_OBJC_ARC = YES;
				CLANG_WARN_BOOL_CONVERSION = YES;
				CLANG_WARN_CONSTANT_CONVERSION = YES;
				CLANG_WARN_DIRECT_OBJC_ISA_USAGE = YES_ERROR;
				CLANG_WARN_EMPTY_BODY = YES;
				CLANG_WARN_ENUM_CONVERSION = YES;
				CLANG_WARN_INT_CONVERSION = YES;
				CLANG_WARN_OBJC_ROOT_CLASS = YES_ERROR;
				CLANG_WARN__DUPLICATE_METHOD_MATCH = YES;
				"CODE_SIGN_IDENTITY[sdk=iphoneos*]" = "iPhone Developer";
				COPY_PHASE_STRIP = NO;
				GCC_C_LANGUAGE_STANDARD = gnu99;
				GCC_DYNAMIC_NO_PIC = NO;
				GCC_OPTIMIZATION_LEVEL = 0;
				GCC_PREPROCESSOR_DEFINITIONS = (
					"DEBUG=1",
					"$(inherited)",
				);
				GCC_SYMBOLS_PRIVATE_EXTERN = NO;
				GCC_WARN_64_TO_32_BIT_CONVERSION = YES;
				GCC_WARN_ABOUT_RETURN_TYPE = YES_ERROR;
				GCC_WARN_UNDECLARED_SELECTOR = YES;
				GCC_WARN_UNINITIALIZED_AUTOS = YES;
				GCC_WARN_UNUSED_FUNCTION = YES;
				GCC_WARN_UNUSED_VARIABLE = YES;
				IPHONEOS_DEPLOYMENT_TARGET = 7.0;
				ONLY_ACTIVE_ARCH = YES;
				SDKROOT = iphoneos;
				TARGETED_DEVICE_FAMILY = "1,2";
			};
			name = Debug;
		};
		60DC0D0418C2B86D0093B383 /* Release */ = {
			isa = XCBuildConfiguration;
			buildSettings = {
				ALWAYS_SEARCH_USER_PATHS = NO;
				ARCHS = "$(ARCHS_STANDARD_INCLUDING_64_BIT)";
				CLANG_CXX_LANGUAGE_STANDARD = "gnu++0x";
				CLANG_CXX_LIBRARY = "libc++";
				CLANG_ENABLE_MODULES = YES;
				CLANG_ENABLE_OBJC_ARC = YES;
				CLANG_WARN_BOOL_CONVERSION = YES;
				CLANG_WARN_CONSTANT_CONVERSION = YES;
				CLANG_WARN_DIRECT_OBJC_ISA_USAGE = YES_ERROR;
				CLANG_WARN_EMPTY_BODY = YES;
				CLANG_WARN_ENUM_CONVERSION = YES;
				CLANG_WARN_INT_CONVERSION = YES;
				CLANG_WARN_OBJC_ROOT_CLASS = YES_ERROR;
				CLANG_WARN__DUPLICATE_METHOD_MATCH = YES;
				"CODE_SIGN_IDENTITY[sdk=iphoneos*]" = "iPhone Developer";
				COPY_PHASE_STRIP = YES;
				ENABLE_NS_ASSERTIONS = NO;
				GCC_C_LANGUAGE_STANDARD = gnu99;
				GCC_WARN_64_TO_32_BIT_CONVERSION = YES;
				GCC_WARN_ABOUT_RETURN_TYPE = YES_ERROR;
				GCC_WARN_UNDECLARED_SELECTOR = YES;
				GCC_WARN_UNINITIALIZED_AUTOS = YES;
				GCC_WARN_UNUSED_FUNCTION = YES;
				GCC_WARN_UNUSED_VARIABLE = YES;
				IPHONEOS_DEPLOYMENT_TARGET = 7.0;
				SDKROOT = iphoneos;
				TARGETED_DEVICE_FAMILY = "1,2";
				VALIDATE_PRODUCT = YES;
			};
			name = Release;
		};
		60DC0D0618C2B86D0093B383 /* Debug */ = {
			isa = XCBuildConfiguration;
			buildSettings = {
				ASSETCATALOG_COMPILER_APPICON_NAME = AppIcon;
				ASSETCATALOG_COMPILER_LAUNCHIMAGE_NAME = LaunchImage;
				GCC_PRECOMPILE_PREFIX_HEADER = YES;
				GCC_PREFIX_HEADER = "SRCT-ProjectBase/SRCT-ProjectBase-Prefix.pch";
				INFOPLIST_FILE = "SRCT-ProjectBase/SRCT-ProjectBase-Info.plist";
				IPHONEOS_DEPLOYMENT_TARGET = 6.0;
				PRODUCT_NAME = "$(TARGET_NAME)";
				WRAPPER_EXTENSION = app;
			};
			name = Debug;
		};
		60DC0D0718C2B86D0093B383 /* Release */ = {
			isa = XCBuildConfiguration;
			buildSettings = {
				ASSETCATALOG_COMPILER_APPICON_NAME = AppIcon;
				ASSETCATALOG_COMPILER_LAUNCHIMAGE_NAME = LaunchImage;
				GCC_PRECOMPILE_PREFIX_HEADER = YES;
				GCC_PREFIX_HEADER = "SRCT-ProjectBase/SRCT-ProjectBase-Prefix.pch";
				INFOPLIST_FILE = "SRCT-ProjectBase/SRCT-ProjectBase-Info.plist";
				IPHONEOS_DEPLOYMENT_TARGET = 6.0;
				PRODUCT_NAME = "$(TARGET_NAME)";
				WRAPPER_EXTENSION = app;
			};
			name = Release;
		};
		60DC0D0918C2B86D0093B383 /* Debug */ = {
			isa = XCBuildConfiguration;
			buildSettings = {
				ARCHS = "$(ARCHS_STANDARD_INCLUDING_64_BIT)";
				BUNDLE_LOADER = "$(BUILT_PRODUCTS_DIR)/SRCT-ProjectBase.app/SRCT-ProjectBase";
				FRAMEWORK_SEARCH_PATHS = (
					"$(SDKROOT)/Developer/Library/Frameworks",
					"$(inherited)",
					"$(DEVELOPER_FRAMEWORKS_DIR)",
				);
				GCC_PRECOMPILE_PREFIX_HEADER = YES;
				GCC_PREFIX_HEADER = "SRCT-ProjectBase/SRCT-ProjectBase-Prefix.pch";
				GCC_PREPROCESSOR_DEFINITIONS = (
					"DEBUG=1",
					"$(inherited)",
				);
				INFOPLIST_FILE = "SRCT-ProjectBaseTests/SRCT-ProjectBaseTests-Info.plist";
				PRODUCT_NAME = "$(TARGET_NAME)";
				TEST_HOST = "$(BUNDLE_LOADER)";
				WRAPPER_EXTENSION = xctest;
			};
			name = Debug;
		};
		60DC0D0A18C2B86D0093B383 /* Release */ = {
			isa = XCBuildConfiguration;
			buildSettings = {
				ARCHS = "$(ARCHS_STANDARD_INCLUDING_64_BIT)";
				BUNDLE_LOADER = "$(BUILT_PRODUCTS_DIR)/SRCT-ProjectBase.app/SRCT-ProjectBase";
				FRAMEWORK_SEARCH_PATHS = (
					"$(SDKROOT)/Developer/Library/Frameworks",
					"$(inherited)",
					"$(DEVELOPER_FRAMEWORKS_DIR)",
				);
				GCC_PRECOMPILE_PREFIX_HEADER = YES;
				GCC_PREFIX_HEADER = "SRCT-ProjectBase/SRCT-ProjectBase-Prefix.pch";
				INFOPLIST_FILE = "SRCT-ProjectBaseTests/SRCT-ProjectBaseTests-Info.plist";
				PRODUCT_NAME = "$(TARGET_NAME)";
				TEST_HOST = "$(BUNDLE_LOADER)";
				WRAPPER_EXTENSION = xctest;
			};
			name = Release;
		};
/* End XCBuildConfiguration section */

/* Begin XCConfigurationList section */
		60DC0CD418C2B86C0093B383 /* Build configuration list for PBXProject "SRCT-ProjectBase" */ = {
			isa = XCConfigurationList;
			buildConfigurations = (
				60DC0D0318C2B86D0093B383 /* Debug */,
				60DC0D0418C2B86D0093B383 /* Release */,
			);
			defaultConfigurationIsVisible = 0;
			defaultConfigurationName = Release;
		};
		60DC0D0518C2B86D0093B383 /* Build configuration list for PBXNativeTarget "SRCT-ProjectBase" */ = {
			isa = XCConfigurationList;
			buildConfigurations = (
				60DC0D0618C2B86D0093B383 /* Debug */,
				60DC0D0718C2B86D0093B383 /* Release */,
			);
			defaultConfigurationIsVisible = 0;
		};
		60DC0D0818C2B86D0093B383 /* Build configuration list for PBXNativeTarget "SRCT-ProjectBaseTests" */ = {
			isa = XCConfigurationList;
			buildConfigurations = (
				60DC0D0918C2B86D0093B383 /* Debug */,
				60DC0D0A18C2B86D0093B383 /* Release */,
			);
			defaultConfigurationIsVisible = 0;
		};
/* End XCConfigurationList section */
	};
	rootObject = 60DC0CD118C2B86C0093B383 /* Project object */;
}
